
Microsoft Visual Studio Solution File, Format Version 12.00
# Visual Studio Version 17
VisualStudioVersion = 17.1.32328.378
MinimumVisualStudioVersion = 10.0.40219.1
Project("{9A19103F-16F7-4668-BE54-9A1E7A4F7556}") = "Cancun.Booking.API", "Cancun.Booking.API\Cancun.Booking.API.csproj", "{1E90CED3-DFFF-4F2F-ACCA-6609A49F54B9}"
EndProject
Project("{9A19103F-16F7-4668-BE54-9A1E7A4F7556}") = "Cancun.Booking.API.Tests", "Cancun.Booking.API.Tests\Cancun.Booking.API.Tests.csproj", "{02D9FB85-D491-4B20-9893-C6014E728E81}"
EndProject
Project("{2150E333-8FDC-42A3-9474-1A3956D46DE8}") = "src", "src", "{2C4964F6-9244-444E-8F4D-5F5BFE21115A}"
EndProject
Project("{2150E333-8FDC-42A3-9474-1A3956D46DE8}") = "tests", "tests", "{FF8504C1-2E6F-4E30-9A8D-8A66719EF7ED}"
EndProject
Project("{2150E333-8FDC-42A3-9474-1A3956D46DE8}") = "API", "API", "{AFD0DE7E-12E9-457E-B309-4927103F7B83}"
EndProject
Project("{2150E333-8FDC-42A3-9474-1A3956D46DE8}") = "Core", "Core", "{84C73F87-9748-4A77-8146-654E58C27273}"
EndProject
Project("{2150E333-8FDC-42A3-9474-1A3956D46DE8}") = "Infrastructure", "Infrastructure", "{DE2F6DE5-BF22-4BB1-8B69-616AE57B6297}"
EndProject
Project("{FAE04EC0-301F-11D3-BF4B-00C04F79EFBC}") = "Cancun.Booking.Domain", "Cancun.Booking.Domain\Cancun.Booking.Domain.csproj", "{AD251EBD-5305-4DE3-9072-ACC1BF8D6CEE}"
EndProject
Project("{FAE04EC0-301F-11D3-BF4B-00C04F79EFBC}") = "Cancun.Booking.Application", "Cancun.Booking.Application\Cancun.Booking.Application.csproj", "{BE869DCA-9D6D-4469-90A1-3EF64CF75B81}"
EndProject
Project("{FAE04EC0-301F-11D3-BF4B-00C04F79EFBC}") = "Cancun.Booking.Persistence", "Cancun.Booking.Persistence\Cancun.Booking.Persistence.csproj", "{835B082E-C98C-47F4-8179-8EEB0972BE4E}"
EndProject
Global
	GlobalSection(SolutionConfigurationPlatforms) = preSolution
		Debug|Any CPU = Debug|Any CPU
		Release|Any CPU = Release|Any CPU
	EndGlobalSection
	GlobalSection(ProjectConfigurationPlatforms) = postSolution
		{1E90CED3-DFFF-4F2F-ACCA-6609A49F54B9}.Debug|Any CPU.ActiveCfg = Debug|Any CPU
		{1E90CED3-DFFF-4F2F-ACCA-6609A49F54B9}.Debug|Any CPU.Build.0 = Debug|Any CPU
		{1E90CED3-DFFF-4F2F-ACCA-6609A49F54B9}.Release|Any CPU.ActiveCfg = Release|Any CPU
		{1E90CED3-DFFF-4F2F-ACCA-6609A49F54B9}.Release|Any CPU.Build.0 = Release|Any CPU
		{02D9FB85-D491-4B20-9893-C6014E728E81}.Debug|Any CPU.ActiveCfg = Debug|Any CPU
		{02D9FB85-D491-4B20-9893-C6014E728E81}.Debug|Any CPU.Build.0 = Debug|Any CPU
		{02D9FB85-D491-4B20-9893-C6014E728E81}.Release|Any CPU.ActiveCfg = Release|Any CPU
		{02D9FB85-D491-4B20-9893-C6014E728E81}.Release|Any CPU.Build.0 = Release|Any CPU
		{AD251EBD-5305-4DE3-9072-ACC1BF8D6CEE}.Debug|Any CPU.ActiveCfg = Debug|Any CPU
		{AD251EBD-5305-4DE3-9072-ACC1BF8D6CEE}.Debug|Any CPU.Build.0 = Debug|Any CPU
		{AD251EBD-5305-4DE3-9072-ACC1BF8D6CEE}.Release|Any CPU.ActiveCfg = Release|Any CPU
		{AD251EBD-5305-4DE3-9072-ACC1BF8D6CEE}.Release|Any CPU.Build.0 = Release|Any CPU
		{BE869DCA-9D6D-4469-90A1-3EF64CF75B81}.Debug|Any CPU.ActiveCfg = Debug|Any CPU
		{BE869DCA-9D6D-4469-90A1-3EF64CF75B81}.Debug|Any CPU.Build.0 = Debug|Any CPU
		{BE869DCA-9D6D-4469-90A1-3EF64CF75B81}.Release|Any CPU.ActiveCfg = Release|Any CPU
		{BE869DCA-9D6D-4469-90A1-3EF64CF75B81}.Release|Any CPU.Build.0 = Release|Any CPU
		{835B082E-C98C-47F4-8179-8EEB0972BE4E}.Debug|Any CPU.ActiveCfg = Debug|Any CPU
		{835B082E-C98C-47F4-8179-8EEB0972BE4E}.Debug|Any CPU.Build.0 = Debug|Any CPU
		{835B082E-C98C-47F4-8179-8EEB0972BE4E}.Release|Any CPU.ActiveCfg = Release|Any CPU
		{835B082E-C98C-47F4-8179-8EEB0972BE4E}.Release|Any CPU.Build.0 = Release|Any CPU
	EndGlobalSection
	GlobalSection(SolutionProperties) = preSolution
		HideSolutionNode = FALSE
	EndGlobalSection
	GlobalSection(NestedProjects) = preSolution
		{1E90CED3-DFFF-4F2F-ACCA-6609A49F54B9} = {AFD0DE7E-12E9-457E-B309-4927103F7B83}
		{02D9FB85-D491-4B20-9893-C6014E728E81} = {FF8504C1-2E6F-4E30-9A8D-8A66719EF7ED}
		{AFD0DE7E-12E9-457E-B309-4927103F7B83} = {2C4964F6-9244-444E-8F4D-5F5BFE21115A}
		{84C73F87-9748-4A77-8146-654E58C27273} = {2C4964F6-9244-444E-8F4D-5F5BFE21115A}
		{DE2F6DE5-BF22-4BB1-8B69-616AE57B6297} = {2C4964F6-9244-444E-8F4D-5F5BFE21115A}
		{AD251EBD-5305-4DE3-9072-ACC1BF8D6CEE} = {84C73F87-9748-4A77-8146-654E58C27273}
		{BE869DCA-9D6D-4469-90A1-3EF64CF75B81} = {84C73F87-9748-4A77-8146-654E58C27273}
		{835B082E-C98C-47F4-8179-8EEB0972BE4E} = {DE2F6DE5-BF22-4BB1-8B69-616AE57B6297}
	EndGlobalSection
	GlobalSection(ExtensibilityGlobals) = postSolution
		SolutionGuid = {69388C0C-E103-4B1D-8D32-2BF81A0E45EE}
	EndGlobalSection
EndGlobal
